{
  "pins" : [
    {
      "identity" : "swiftformat",
      "kind" : "remoteSourceControl",
      "location" : "https://github.com/nicklockwood/SwiftFormat",
      "state" : {
        "revision" : "29c5053c803d2f58716aa5028f6ef5e9fd397168",
        "version" : "0.51.11"
      }
    }
  ],
  "version" : 2
}
