# @generated - this file is auto-generated by `mise lock` https://mise.jdx.dev/dev-tools/mise-lock.html

[[tools."github:nicklockwood/SwiftFormat"]]
version = "0.61.0"
backend = "github:nicklockwood/SwiftFormat"

[tools."github:nicklockwood/SwiftFormat"."platforms.linux-arm64"]
checksum = "sha256:e2fe9a1e5cc2a4a1b9e7aec1b66ec39899de1e23a02da1d6e82444731e3b7782"
url = "https://github.com/nicklockwood/SwiftFormat/releases/download/0.61.0/swiftformat_linux_aarch64.zip"
url_api = "https://api.github.com/repos/nicklockwood/SwiftFormat/releases/assets/394249288"

[tools."github:nicklockwood/SwiftFormat"."platforms.linux-arm64-musl"]
checksum = "sha256:e2fe9a1e5cc2a4a1b9e7aec1b66ec39899de1e23a02da1d6e82444731e3b7782"
url = "https://github.com/nicklockwood/SwiftFormat/releases/download/0.61.0/swiftformat_linux_aarch64.zip"
url_api = "https://api.github.com/repos/nicklockwood/SwiftFormat/releases/assets/394249288"

[tools."github:nicklockwood/SwiftFormat"."platforms.linux-x64"]
checksum = "sha256:43c2ff67470153e9bb96a9e7926a317e2d17988c8996a72a6e0ff211d8e8c092"
url = "https://github.com/nicklockwood/SwiftFormat/releases/download/0.61.0/swiftformat_linux.zip"
url_api = "https://api.github.com/repos/nicklockwood/SwiftFormat/releases/assets/394249269"

[tools."github:nicklockwood/SwiftFormat"."platforms.linux-x64-musl"]
checksum = "sha256:43c2ff67470153e9bb96a9e7926a317e2d17988c8996a72a6e0ff211d8e8c092"
url = "https://github.com/nicklockwood/SwiftFormat/releases/download/0.61.0/swiftformat_linux.zip"
url_api = "https://api.github.com/repos/nicklockwood/SwiftFormat/releases/assets/394249269"

[tools."github:nicklockwood/SwiftFormat"."platforms.macos-arm64"]
checksum = "sha256:0356130b976e0cc1022dd6712da7a23319203125ba208fad9f37b06e9feca994"
url = "https://github.com/nicklockwood/SwiftFormat/releases/download/0.61.0/swiftformat.zip"
url_api = "https://api.github.com/repos/nicklockwood/SwiftFormat/releases/assets/394249264"

[tools."github:nicklockwood/SwiftFormat"."platforms.macos-x64"]
checksum = "sha256:0356130b976e0cc1022dd6712da7a23319203125ba208fad9f37b06e9feca994"
url = "https://github.com/nicklockwood/SwiftFormat/releases/download/0.61.0/swiftformat.zip"
url_api = "https://api.github.com/repos/nicklockwood/SwiftFormat/releases/assets/394249264"

[tools."github:nicklockwood/SwiftFormat"."platforms.windows-x64"]
checksum = "sha256:34fa0d1186b42fe3577a3f3608e48c9aeba7e93774664ac004cb327173a5a61f"
url = "https://github.com/nicklockwood/SwiftFormat/releases/download/0.61.0/SwiftFormat.amd64.msi"
url_api = "https://api.github.com/repos/nicklockwood/SwiftFormat/releases/assets/394249370"
