// !$*UTF8*$!
{
	archiveVersion = 1;
	classes = {
	};
	objectVersion = 56;
	objects = {

/* Begin PBXBuildFile section */
		4A5A8F0D29B7A9DB0064A7B1 /* GroupCalls in Frameworks */ = {isa = PBXBuildFile; productRef = 4A5A8F0C29B7A9DB0064A7B1 /* GroupCalls */; };
		4A77867729CD9A89003B1FA8 /* BasicGroupCallView.swift in Sources */ = {isa = PBXBuildFile; fileRef = 4A77867629CD9A89003B1FA8 /* BasicGroupCallView.swift */; };
		4A84AB8C29B7A8C4001200ED /* GroupCallsDemoApp.swift in Sources */ = {isa = PBXBuildFile; fileRef = 4A84AB8B29B7A8C4001200ED /* GroupCallsDemoApp.swift */; };
		4A84AB8E29B7A8C4001200ED /* ContentView.swift in Sources */ = {isa = PBXBuildFile; fileRef = 4A84AB8D29B7A8C4001200ED /* ContentView.swift */; };
		4A84AB9029B7A8C5001200ED /* Assets.xcassets in Resources */ = {isa = PBXBuildFile; fileRef = 4A84AB8F29B7A8C5001200ED /* Assets.xcassets */; };
		4A84AB9329B7A8C5001200ED /* Preview Assets.xcassets in Resources */ = {isa = PBXBuildFile; fileRef = 4A84AB9229B7A8C5001200ED /* Preview Assets.xcassets */; };
/* End PBXBuildFile section */

/* Begin PBXFileReference section */
		4A77867629CD9A89003B1FA8 /* BasicGroupCallView.swift */ = {isa = PBXFileReference; lastKnownFileType = sourcecode.swift; path = BasicGroupCallView.swift; sourceTree = "<group>"; };
		4A84AB8829B7A8C4001200ED /* GroupCallsDemo.app */ = {isa = PBXFileReference; explicitFileType = wrapper.application; includeInIndex = 0; path = GroupCallsDemo.app; sourceTree = BUILT_PRODUCTS_DIR; };
		4A84AB8B29B7A8C4001200ED /* GroupCallsDemoApp.swift */ = {isa = PBXFileReference; lastKnownFileType = sourcecode.swift; path = GroupCallsDemoApp.swift; sourceTree = "<group>"; };
		4A84AB8D29B7A8C4001200ED /* ContentView.swift */ = {isa = PBXFileReference; lastKnownFileType = sourcecode.swift; path = ContentView.swift; sourceTree = "<group>"; };
		4A84AB8F29B7A8C5001200ED /* Assets.xcassets */ = {isa = PBXFileReference; lastKnownFileType = folder.assetcatalog; path = Assets.xcassets; sourceTree = "<group>"; };
		4A84AB9229B7A8C5001200ED /* Preview Assets.xcassets */ = {isa = PBXFileReference; lastKnownFileType = folder.assetcatalog; path = "Preview Assets.xcassets"; sourceTree = "<group>"; };
		4A84AB9A29B7A900001200ED /* GroupCalls */ = {isa = PBXFileReference; lastKnownFileType = wrapper; name = GroupCalls; path = ..; sourceTree = "<group>"; };
/* End PBXFileReference section */

/* Begin PBXFrameworksBuildPhase section */
		4A84AB8529B7A8C4001200ED /* Frameworks */ = {
			isa = PBXFrameworksBuildPhase;
			buildActionMask = 2147483647;
			files = (
				4A5A8F0D29B7A9DB0064A7B1 /* GroupCalls in Frameworks */,
			);
			runOnlyForDeploymentPostprocessing = 0;
		};
/* End PBXFrameworksBuildPhase section */

/* Begin PBXGroup section */
		4A5A8F0B29B7A9DB0064A7B1 /* Frameworks */ = {
			isa = PBXGroup;
			children = (
			);
			name = Frameworks;
			sourceTree = "<group>";
		};
		4A84AB7F29B7A8C4001200ED = {
			isa = PBXGroup;
			children = (
				4A84AB8A29B7A8C4001200ED /* GroupCallsDemo */,
				4A84AB9929B7A900001200ED /* Packages */,
				4A84AB8929B7A8C4001200ED /* Products */,
				4A5A8F0B29B7A9DB0064A7B1 /* Frameworks */,
			);
			sourceTree = "<group>";
		};
		4A84AB8929B7A8C4001200ED /* Products */ = {
			isa = PBXGroup;
			children = (
				4A84AB8829B7A8C4001200ED /* GroupCallsDemo.app */,
			);
			name = Products;
			sourceTree = "<group>";
		};
		4A84AB8A29B7A8C4001200ED /* GroupCallsDemo */ = {
			isa = PBXGroup;
			children = (
				4A84AB8B29B7A8C4001200ED /* GroupCallsDemoApp.swift */,
				4A84AB8D29B7A8C4001200ED /* ContentView.swift */,
				4A77867629CD9A89003B1FA8 /* BasicGroupCallView.swift */,
				4A84AB8F29B7A8C5001200ED /* Assets.xcassets */,
				4A84AB9129B7A8C5001200ED /* Preview Content */,
			);
			path = GroupCallsDemo;
			sourceTree = "<group>";
		};
		4A84AB9129B7A8C5001200ED /* Preview Content */ = {
			isa = PBXGroup;
			children = (
				4A84AB9229B7A8C5001200ED /* Preview Assets.xcassets */,
			);
			path = "Preview Content";
			sourceTree = "<group>";
		};
		4A84AB9929B7A900001200ED /* Packages */ = {
			isa = PBXGroup;
			children = (
				4A84AB9A29B7A900001200ED /* GroupCalls */,
			);
			name = Packages;
			sourceTree = "<group>";
		};
/* End PBXGroup section */

/* Begin PBXNativeTarget section */
		4A84AB8729B7A8C4001200ED /* GroupCallsDemo */ = {
			isa = PBXNativeTarget;
			buildConfigurationList = 4A84AB9629B7A8C5001200ED /* Build configuration list for PBXNativeTarget "GroupCallsDemo" */;
			buildPhases = (
				4A84AB8429B7A8C4001200ED /* Sources */,
				4A84AB8529B7A8C4001200ED /* Frameworks */,
				4A84AB8629B7A8C4001200ED /* Resources */,
			);
			buildRules = (
			);
			dependencies = (
			);
			name = GroupCallsDemo;
			packageProductDependencies = (
				4A5A8F0C29B7A9DB0064A7B1 /* GroupCalls */,
			);
			productName = GroupCallsDemo;
			productReference = 4A84AB8829B7A8C4001200ED /* GroupCallsDemo.app */;
			productType = "com.apple.product-type.application";
		};
/* End PBXNativeTarget section */

/* Begin PBXProject section */
		4A84AB8029B7A8C4001200ED /* Project object */ = {
			isa = PBXProject;
			attributes = {
				BuildIndependentTargetsInParallel = 1;
				LastSwiftUpdateCheck = 1420;
				LastUpgradeCheck = 1420;
				TargetAttributes = {
					4A84AB8729B7A8C4001200ED = {
						CreatedOnToolsVersion = 14.2;
					};
				};
			};
			buildConfigurationList = 4A84AB8329B7A8C4001200ED /* Build configuration list for PBXProject "GroupCallsDemo" */;
			compatibilityVersion = "Xcode 14.0";
			developmentRegion = en;
			hasScannedForEncodings = 0;
			knownRegions = (
				en,
				Base,
			);
			mainGroup = 4A84AB7F29B7A8C4001200ED;
			productRefGroup = 4A84AB8929B7A8C4001200ED /* Products */;
			projectDirPath = "";
			projectRoot = "";
			targets = (
				4A84AB8729B7A8C4001200ED /* GroupCallsDemo */,
			);
		};
/* End PBXProject section */

/* Begin PBXResourcesBuildPhase section */
		4A84AB8629B7A8C4001200ED /* Resources */ = {
			isa = PBXResourcesBuildPhase;
			buildActionMask = 2147483647;
			files = (
				4A84AB9329B7A8C5001200ED /* Preview Assets.xcassets in Resources */,
				4A84AB9029B7A8C5001200ED /* Assets.xcassets in Resources */,
			);
			runOnlyForDeploymentPostprocessing = 0;
		};
/* End PBXResourcesBuildPhase section */

/* Begin PBXSourcesBuildPhase section */
		4A84AB8429B7A8C4001200ED /* Sources */ = {
			isa = PBXSourcesBuildPhase;
			buildActionMask = 2147483647;
			files = (
				4A77867729CD9A89003B1FA8 /* BasicGroupCallView.swift in Sources */,
				4A84AB8E29B7A8C4001200ED /* ContentView.swift in Sources */,
				4A84AB8C29B7A8C4001200ED /* GroupCallsDemoApp.swift in Sources */,
			);
			runOnlyForDeploymentPostprocessing = 0;
		};
/* End PBXSourcesBuildPhase section */

/* Begin XCBuildConfiguration section */
		4A84AB9429B7A8C5001200ED /* Debug */ = {
			isa = XCBuildConfiguration;
			buildSettings = {
				ALWAYS_SEARCH_USER_PATHS = NO;
				CLANG_ANALYZER_NONNULL = YES;
				CLANG_ANALYZER_NUMBER_OBJECT_CONVERSION = YES_AGGRESSIVE;
				CLANG_CXX_LANGUAGE_STANDARD = "gnu++20";
				CLANG_ENABLE_MODULES = YES;
				CLANG_ENABLE_OBJC_ARC = YES;
				CLANG_ENABLE_OBJC_WEAK = YES;
				CLANG_WARN_BLOCK_CAPTURE_AUTORELEASING = YES;
				CLANG_WARN_BOOL_CONVERSION = YES;
				CLANG_WARN_COMMA = YES;
				CLANG_WARN_CONSTANT_CONVERSION = YES;
				CLANG_WARN_DEPRECATED_OBJC_IMPLEMENTATIONS = YES;
				CLANG_WARN_DIRECT_OBJC_ISA_USAGE = YES_ERROR;
				CLANG_WARN_DOCUMENTATION_COMMENTS = YES;
				CLANG_WARN_EMPTY_BODY = YES;
				CLANG_WARN_ENUM_CONVERSION = YES;
				CLANG_WARN_INFINITE_RECURSION = YES;
				CLANG_WARN_INT_CONVERSION = YES;
				CLANG_WARN_NON_LITERAL_NULL_CONVERSION = YES;
				CLANG_WARN_OBJC_IMPLICIT_RETAIN_SELF = YES;
				CLANG_WARN_OBJC_LITERAL_CONVERSION = YES;
				CLANG_WARN_OBJC_ROOT_CLASS = YES_ERROR;
				CLANG_WARN_QUOTED_INCLUDE_IN_FRAMEWORK_HEADER = YES;
				CLANG_WARN_RANGE_LOOP_ANALYSIS = YES;
				CLANG_WARN_STRICT_PROTOTYPES = YES;
				CLANG_WARN_SUSPICIOUS_MOVE = YES;
				CLANG_WARN_UNGUARDED_AVAILABILITY = YES_AGGRESSIVE;
				CLANG_WARN_UNREACHABLE_CODE = YES;
				CLANG_WARN__DUPLICATE_METHOD_MATCH = YES;
				COPY_PHASE_STRIP = NO;
				DEBUG_INFORMATION_FORMAT = dwarf;
				ENABLE_STRICT_OBJC_MSGSEND = YES;
				ENABLE_TESTABILITY = YES;
				GCC_C_LANGUAGE_STANDARD = gnu11;
				GCC_DYNAMIC_NO_PIC = NO;
				GCC_NO_COMMON_BLOCKS = YES;
				GCC_OPTIMIZATION_LEVEL = 0;
				GCC_PREPROCESSOR_DEFINITIONS = (
					"DEBUG=1",
					"$(inherited)",
				);
				GCC_WARN_64_TO_32_BIT_CONVERSION = YES;
				GCC_WARN_ABOUT_RETURN_TYPE = YES_ERROR;
				GCC_WARN_UNDECLARED_SELECTOR = YES;
				GCC_WARN_UNINITIALIZED_AUTOS = YES_AGGRESSIVE;
				GCC_WARN_UNUSED_FUNCTION = YES;
				GCC_WARN_UNUSED_VARIABLE = YES;
				IPHONEOS_DEPLOYMENT_TARGET = 16.2;
				MTL_ENABLE_DEBUG_INFO = INCLUDE_SOURCE;
				MTL_FAST_MATH = YES;
				ONLY_ACTIVE_ARCH = YES;
				SDKROOT = iphoneos;
				SWIFT_ACTIVE_COMPILATION_CONDITIONS = DEBUG;
				SWIFT_OPTIMIZATION_LEVEL = "-Onone";
			};
			name = Debug;
		};
		4A84AB9529B7A8C5001200ED /* Release */ = {
			isa = XCBuildConfiguration;
			buildSettings = {
				ALWAYS_SEARCH_USER_PATHS = NO;
				CLANG_ANALYZER_NONNULL = YES;
				CLANG_ANALYZER_NUMBER_OBJECT_CONVERSION = YES_AGGRESSIVE;
				CLANG_CXX_LANGUAGE_STANDARD = "gnu++20";
				CLANG_ENABLE_MODULES = YES;
				CLANG_ENABLE_OBJC_ARC = YES;
				CLANG_ENABLE_OBJC_WEAK = YES;
				CLANG_WARN_BLOCK_CAPTURE_AUTORELEASING = YES;
				CLANG_WARN_BOOL_CONVERSION = YES;
				CLANG_WARN_COMMA = YES;
				CLANG_WARN_CONSTANT_CONVERSION = YES;
				CLANG_WARN_DEPRECATED_OBJC_IMPLEMENTATIONS = YES;
				CLANG_WARN_DIRECT_OBJC_ISA_USAGE = YES_ERROR;
				CLANG_WARN_DOCUMENTATION_COMMENTS = YES;
				CLANG_WARN_EMPTY_BODY = YES;
				CLANG_WARN_ENUM_CONVERSION = YES;
				CLANG_WARN_INFINITE_RECURSION = YES;
				CLANG_WARN_INT_CONVERSION = YES;
				CLANG_WARN_NON_LITERAL_NULL_CONVERSION = YES;
				CLANG_WARN_OBJC_IMPLICIT_RETAIN_SELF = YES;
				CLANG_WARN_OBJC_LITERAL_CONVERSION = YES;
				CLANG_WARN_OBJC_ROOT_CLASS = YES_ERROR;
				CLANG_WARN_QUOTED_INCLUDE_IN_FRAMEWORK_HEADER = YES;
				CLANG_WARN_RANGE_LOOP_ANALYSIS = YES;
				CLANG_WARN_STRICT_PROTOTYPES = YES;
				CLANG_WARN_SUSPICIOUS_MOVE = YES;
				CLANG_WARN_UNGUARDED_AVAILABILITY = YES_AGGRESSIVE;
				CLANG_WARN_UNREACHABLE_CODE = YES;
				CLANG_WARN__DUPLICATE_METHOD_MATCH = YES;
				COPY_PHASE_STRIP = NO;
				DEBUG_INFORMATION_FORMAT = "dwarf-with-dsym";
				ENABLE_NS_ASSERTIONS = NO;
				ENABLE_STRICT_OBJC_MSGSEND = YES;
				GCC_C_LANGUAGE_STANDARD = gnu11;
				GCC_NO_COMMON_BLOCKS = YES;
				GCC_WARN_64_TO_32_BIT_CONVERSION = YES;
				GCC_WARN_ABOUT_RETURN_TYPE = YES_ERROR;
				GCC_WARN_UNDECLARED_SELECTOR = YES;
				GCC_WARN_UNINITIALIZED_AUTOS = YES_AGGRESSIVE;
				GCC_WARN_UNUSED_FUNCTION = YES;
				GCC_WARN_UNUSED_VARIABLE = YES;
				IPHONEOS_DEPLOYMENT_TARGET = 16.2;
				MTL_ENABLE_DEBUG_INFO = NO;
				MTL_FAST_MATH = YES;
				SDKROOT = iphoneos;
				SWIFT_COMPILATION_MODE = wholemodule;
				SWIFT_OPTIMIZATION_LEVEL = "-O";
				VALIDATE_PRODUCT = YES;
			};
			name = Release;
		};
		4A84AB9729B7A8C5001200ED /* Debug */ = {
			isa = XCBuildConfiguration;
			buildSettings = {
				ASSETCATALOG_COMPILER_APPICON_NAME = AppIcon;
				ASSETCATALOG_COMPILER_GLOBAL_ACCENT_COLOR_NAME = AccentColor;
				CODE_SIGN_STYLE = Automatic;
				CURRENT_PROJECT_VERSION = 1;
				DEVELOPMENT_ASSET_PATHS = "\"GroupCallsDemo/Preview Content\"";
				DEVELOPMENT_TEAM = DL5SR3PBJC;
				ENABLE_PREVIEWS = YES;
				GENERATE_INFOPLIST_FILE = YES;
				INFOPLIST_KEY_UIApplicationSceneManifest_Generation = YES;
				INFOPLIST_KEY_UIApplicationSupportsIndirectInputEvents = YES;
				INFOPLIST_KEY_UILaunchScreen_Generation = YES;
				INFOPLIST_KEY_UISupportedInterfaceOrientations_iPad = "UIInterfaceOrientationPortrait UIInterfaceOrientationPortraitUpsideDown UIInterfaceOrientationLandscapeLeft UIInterfaceOrientationLandscapeRight";
				INFOPLIST_KEY_UISupportedInterfaceOrientations_iPhone = "UIInterfaceOrientationPortrait UIInterfaceOrientationLandscapeLeft UIInterfaceOrientationLandscapeRight";
				LD_RUNPATH_SEARCH_PATHS = (
					"$(inherited)",
					"@executable_path/Frameworks",
				);
				MARKETING_VERSION = 1.0;
				PRODUCT_BUNDLE_IDENTIFIER = ch.threema.GroupCallsDemo;
				PRODUCT_NAME = "$(TARGET_NAME)";
				SWIFT_EMIT_LOC_STRINGS = YES;
				SWIFT_VERSION = 5.0;
				TARGETED_DEVICE_FAMILY = "1,2";
			};
			name = Debug;
		};
		4A84AB9829B7A8C5001200ED /* Release */ = {
			isa = XCBuildConfiguration;
			buildSettings = {
				ASSETCATALOG_COMPILER_APPICON_NAME = AppIcon;
				ASSETCATALOG_COMPILER_GLOBAL_ACCENT_COLOR_NAME = AccentColor;
				CODE_SIGN_STYLE = Automatic;
				CURRENT_PROJECT_VERSION = 1;
				DEVELOPMENT_ASSET_PATHS = "\"GroupCallsDemo/Preview Content\"";
				DEVELOPMENT_TEAM = DL5SR3PBJC;
				ENABLE_PREVIEWS = YES;
				GENERATE_INFOPLIST_FILE = YES;
				INFOPLIST_KEY_UIApplicationSceneManifest_Generation = YES;
				INFOPLIST_KEY_UIApplicationSupportsIndirectInputEvents = YES;
				INFOPLIST_KEY_UILaunchScreen_Generation = YES;
				INFOPLIST_KEY_UISupportedInterfaceOrientations_iPad = "UIInterfaceOrientationPortrait UIInterfaceOrientationPortraitUpsideDown UIInterfaceOrientationLandscapeLeft UIInterfaceOrientationLandscapeRight";
				INFOPLIST_KEY_UISupportedInterfaceOrientations_iPhone = "UIInterfaceOrientationPortrait UIInterfaceOrientationLandscapeLeft UIInterfaceOrientationLandscapeRight";
				LD_RUNPATH_SEARCH_PATHS = (
					"$(inherited)",
					"@executable_path/Frameworks",
				);
				MARKETING_VERSION = 1.0;
				PRODUCT_BUNDLE_IDENTIFIER = ch.threema.GroupCallsDemo;
				PRODUCT_NAME = "$(TARGET_NAME)";
				SWIFT_EMIT_LOC_STRINGS = YES;
				SWIFT_VERSION = 5.0;
				TARGETED_DEVICE_FAMILY = "1,2";
			};
			name = Release;
		};
/* End XCBuildConfiguration section */

/* Begin XCConfigurationList section */
		4A84AB8329B7A8C4001200ED /* Build configuration list for PBXProject "GroupCallsDemo" */ = {
			isa = XCConfigurationList;
			buildConfigurations = (
				4A84AB9429B7A8C5001200ED /* Debug */,
				4A84AB9529B7A8C5001200ED /* Release */,
			);
			defaultConfigurationIsVisible = 0;
			defaultConfigurationName = Release;
		};
		4A84AB9629B7A8C5001200ED /* Build configuration list for PBXNativeTarget "GroupCallsDemo" */ = {
			isa = XCConfigurationList;
			buildConfigurations = (
				4A84AB9729B7A8C5001200ED /* Debug */,
				4A84AB9829B7A8C5001200ED /* Release */,
			);
			defaultConfigurationIsVisible = 0;
			defaultConfigurationName = Release;
		};
/* End XCConfigurationList section */

/* Begin XCSwiftPackageProductDependency section */
		4A5A8F0C29B7A9DB0064A7B1 /* GroupCalls */ = {
			isa = XCSwiftPackageProductDependency;
			productName = GroupCalls;
		};
/* End XCSwiftPackageProductDependency section */
	};
	rootObject = 4A84AB8029B7A8C4001200ED /* Project object */;
}
