<?xml version="1.0" encoding="UTF-8"?>
<Scheme
   LastUpgradeVersion = "1620"
   version = "1.7">
   <BuildAction
      parallelizeBuildables = "YES"
      buildImplicitDependencies = "YES">
      <BuildActionEntries>
         <BuildActionEntry
            buildForTesting = "YES"
            buildForRunning = "YES"
            buildForProfiling = "YES"
            buildForArchiving = "YES"
            buildForAnalyzing = "YES">
            <BuildableReference
               BuildableIdentifier = "primary"
               BlueprintIdentifier = "4DD01F6714C1CCA900EF7690"
               BuildableName = "Threema.app"
               BlueprintName = "Threema"
               ReferencedContainer = "container:Threema.xcodeproj">
            </BuildableReference>
         </BuildActionEntry>
         <BuildActionEntry
            buildForTesting = "YES"
            buildForRunning = "NO"
            buildForProfiling = "NO"
            buildForArchiving = "NO"
            buildForAnalyzing = "NO">
            <BuildableReference
               BuildableIdentifier = "primary"
               BlueprintIdentifier = "0A677B811C6250C90019B361"
               BuildableName = "ThreemaFramework.framework"
               BlueprintName = "ThreemaFramework"
               ReferencedContainer = "container:Threema.xcodeproj">
            </BuildableReference>
         </BuildActionEntry>
         <BuildActionEntry
            buildForTesting = "YES"
            buildForRunning = "NO"
            buildForProfiling = "NO"
            buildForArchiving = "NO"
            buildForAnalyzing = "NO">
            <BuildableReference
               BuildableIdentifier = "primary"
               BlueprintIdentifier = "0A688AB519A3A4670013FCE8"
               BuildableName = "Threema Tests.xctest"
               BlueprintName = "Threema Tests"
               ReferencedContainer = "container:Threema.xcodeproj">
            </BuildableReference>
         </BuildActionEntry>
      </BuildActionEntries>
   </BuildAction>
   <TestAction
      buildConfiguration = "Debug"
      selectedDebuggerIdentifier = "Xcode.DebuggerFoundation.Debugger.LLDB"
      selectedLauncherIdentifier = "Xcode.DebuggerFoundation.Launcher.LLDB"
      shouldUseLaunchSchemeArgsEnv = "NO">
      <PreActions>
         <ExecutionAction
            ActionType = "Xcode.IDEStandardExecutionActionsCore.ExecutionActionType.ShellScriptAction">
            <ActionContent
               title = "Override StatusBar"
               scriptText = "&#10;">
               <EnvironmentBuildable>
                  <BuildableReference
                     BuildableIdentifier = "primary"
                     BlueprintIdentifier = "CE4CA9971E2629B000F3A560"
                     BuildableName = "ScreenshotsWithData.xctest"
                     BlueprintName = "ScreenshotsWithData"
                     ReferencedContainer = "container:Threema.xcodeproj">
                  </BuildableReference>
               </EnvironmentBuildable>
            </ActionContent>
         </ExecutionAction>
      </PreActions>
      <MacroExpansion>
         <BuildableReference
            BuildableIdentifier = "primary"
            BlueprintIdentifier = "4DD01F6714C1CCA900EF7690"
            BuildableName = "Threema.app"
            BlueprintName = "Threema"
            ReferencedContainer = "container:Threema.xcodeproj">
         </BuildableReference>
      </MacroExpansion>
      <EnvironmentVariables>
         <EnvironmentVariable
            key = "SRCROOT"
            value = "${SRCROOT}"
            isEnabled = "YES">
         </EnvironmentVariable>
      </EnvironmentVariables>
      <TestPlans>
         <TestPlanReference
            reference = "container:ScreenshotsWithData/ScreenshotsConsumer.xctestplan"
            default = "YES">
         </TestPlanReference>
      </TestPlans>
      <Testables>
         <TestableReference
            skipped = "NO">
            <BuildableReference
               BuildableIdentifier = "primary"
               BlueprintIdentifier = "0A688AB519A3A4670013FCE8"
               BuildableName = "Threema Tests.xctest"
               BlueprintName = "Threema Tests"
               ReferencedContainer = "container:Threema.xcodeproj">
            </BuildableReference>
            <SkippedTests>
               <Test
                  Identifier = "AddressBoolLoadTests">
               </Test>
               <Test
                  Identifier = "AppMigrationTests">
               </Test>
               <Test
                  Identifier = "AudioTrackAnalyzerTests">
               </Test>
               <Test
                  Identifier = "ChatAudioMessageCellTests">
               </Test>
               <Test
                  Identifier = "ChatAudioMessageCellTestsOld">
               </Test>
               <Test
                  Identifier = "ChatProfileViewTests">
               </Test>
               <Test
                  Identifier = "ChatScrollPositionTests">
               </Test>
               <Test
                  Identifier = "ChatTableDataSourceTests">
               </Test>
               <Test
                  Identifier = "ChatTextViewPerformanceTest">
               </Test>
               <Test
                  Identifier = "ChatViewSnapshotProviderTests">
               </Test>
               <Test
                  Identifier = "ConversationActionsTest">
               </Test>
               <Test
                  Identifier = "DBLoadTests">
               </Test>
               <Test
                  Identifier = "DbLoadTests">
               </Test>
               <Test
                  Identifier = "DeviceGroupKeyManagerTests">
               </Test>
               <Test
                  Identifier = "EntityDestroyerTests">
               </Test>
               <Test
                  Identifier = "EntityObserverTests">
               </Test>
               <Test
                  Identifier = "GroupMessageProcessorTests">
               </Test>
               <Test
                  Identifier = "HttpClientDownloadSafeTests">
               </Test>
               <Test
                  Identifier = "HttpClientUploadSafeTests">
               </Test>
               <Test
                  Identifier = "IDNSafetyHelperTests">
               </Test>
               <Test
                  Identifier = "MarkupParserTest">
               </Test>
               <Test
                  Identifier = "MarkupParserTests">
               </Test>
               <Test
                  Identifier = "MentionsHelperTests">
               </Test>
               <Test
                  Identifier = "PendingMessageTests">
               </Test>
               <Test
                  Identifier = "PendingMessagesManagerTests">
               </Test>
               <Test
                  Identifier = "PerformanceTests">
               </Test>
               <Test
                  Identifier = "PhotosRightsHelperTest">
               </Test>
               <Test
                  Identifier = "SafeJson">
               </Test>
               <Test
                  Identifier = "SafeTests">
               </Test>
               <Test
                  Identifier = "TextViewKeyboardWorkaroundHandlerTests">
               </Test>
               <Test
                  Identifier = "VoIPCallTests">
               </Test>
               <Test
                  Identifier = "WebTest">
               </Test>
            </SkippedTests>
         </TestableReference>
         <TestableReference
            skipped = "NO">
            <BuildableReference
               BuildableIdentifier = "primary"
               BlueprintIdentifier = "CE4CA9971E2629B000F3A560"
               BuildableName = "ScreenshotsWithData.xctest"
               BlueprintName = "ScreenshotsWithData"
               ReferencedContainer = "container:Threema.xcodeproj">
            </BuildableReference>
            <SkippedTests>
               <Test
                  Identifier = "ScreenshotsSimpleStep">
               </Test>
               <Test
                  Identifier = "ScreenshotsWithData">
               </Test>
               <Test
                  Identifier = "ScreenshotsWithRestoreID">
               </Test>
            </SkippedTests>
         </TestableReference>
         <TestableReference
            skipped = "YES">
            <BuildableReference
               BuildableIdentifier = "primary"
               BlueprintIdentifier = "24489950289A46680067CE28"
               BuildableName = "ThreemaUITests.xctest"
               BlueprintName = "ThreemaUITests"
               ReferencedContainer = "container:Threema.xcodeproj">
            </BuildableReference>
         </TestableReference>
      </Testables>
   </TestAction>
   <LaunchAction
      buildConfiguration = "Debug"
      selectedDebuggerIdentifier = "Xcode.DebuggerFoundation.Debugger.LLDB"
      selectedLauncherIdentifier = "Xcode.DebuggerFoundation.Launcher.LLDB"
      launchStyle = "0"
      useCustomWorkingDirectory = "NO"
      ignoresPersistentStateOnLaunch = "NO"
      debugDocumentVersioning = "YES"
      debugServiceExtension = "internal"
      allowLocationSimulation = "YES">
      <MacroExpansion>
         <BuildableReference
            BuildableIdentifier = "primary"
            BlueprintIdentifier = "4DD01F6714C1CCA900EF7690"
            BuildableName = "Threema.app"
            BlueprintName = "Threema"
            ReferencedContainer = "container:Threema.xcodeproj">
         </BuildableReference>
      </MacroExpansion>
   </LaunchAction>
   <ProfileAction
      buildConfiguration = "AppStore"
      shouldUseLaunchSchemeArgsEnv = "YES"
      savedToolIdentifier = ""
      useCustomWorkingDirectory = "NO"
      debugDocumentVersioning = "YES">
      <MacroExpansion>
         <BuildableReference
            BuildableIdentifier = "primary"
            BlueprintIdentifier = "4DD01F6714C1CCA900EF7690"
            BuildableName = "Threema.app"
            BlueprintName = "Threema"
            ReferencedContainer = "container:Threema.xcodeproj">
         </BuildableReference>
      </MacroExpansion>
   </ProfileAction>
   <AnalyzeAction
      buildConfiguration = "Debug">
   </AnalyzeAction>
   <ArchiveAction
      buildConfiguration = "AppStore"
      revealArchiveInOrganizer = "YES">
   </ArchiveAction>
</Scheme>
