<?xml version="1.0" encoding="UTF-8"?>
<Scheme
   LastUpgradeVersion = "1020"
   version = "1.7">
   <BuildAction
      parallelizeBuildables = "YES"
      buildImplicitDependencies = "YES">
      <BuildActionEntries>
         <BuildActionEntry
            buildForTesting = "YES"
            buildForRunning = "YES"
            buildForProfiling = "YES"
            buildForArchiving = "YES"
            buildForAnalyzing = "YES">
            <BuildableReference
               BuildableIdentifier = "primary"
               BlueprintIdentifier = "4DD01F6714C1CCA900EF7690"
               BuildableName = "Threema.app"
               BlueprintName = "Threema"
               ReferencedContainer = "container:Threema.xcodeproj">
            </BuildableReference>
         </BuildActionEntry>
         <BuildActionEntry
            buildForTesting = "YES"
            buildForRunning = "NO"
            buildForProfiling = "NO"
            buildForArchiving = "NO"
            buildForAnalyzing = "NO">
            <BuildableReference
               BuildableIdentifier = "primary"
               BlueprintIdentifier = "0A688AB519A3A4670013FCE8"
               BuildableName = "Threema Tests.xctest"
               BlueprintName = "Threema Tests"
               ReferencedContainer = "container:Threema.xcodeproj">
            </BuildableReference>
         </BuildActionEntry>
      </BuildActionEntries>
   </BuildAction>
   <TestAction
      buildConfiguration = "Debug"
      selectedDebuggerIdentifier = "Xcode.DebuggerFoundation.Debugger.LLDB"
      selectedLauncherIdentifier = "Xcode.DebuggerFoundation.Launcher.LLDB"
      shouldUseLaunchSchemeArgsEnv = "NO"
      codeCoverageEnabled = "YES">
      <MacroExpansion>
         <BuildableReference
            BuildableIdentifier = "primary"
            BlueprintIdentifier = "4DD01F6714C1CCA900EF7690"
            BuildableName = "Threema.app"
            BlueprintName = "Threema"
            ReferencedContainer = "container:Threema.xcodeproj">
         </BuildableReference>
      </MacroExpansion>
      <CommandLineArguments>
         <CommandLineArgument
            argument = "unit-testing"
            isEnabled = "YES">
         </CommandLineArgument>
         <CommandLineArgument
            argument = "-com.apple.CoreData.SQLDebug 1"
            isEnabled = "NO">
         </CommandLineArgument>
         <CommandLineArgument
            argument = "-com.apple.CoreData.ConcurrencyDebug 1"
            isEnabled = "NO">
         </CommandLineArgument>
      </CommandLineArguments>
      <EnvironmentVariables>
         <EnvironmentVariable
            key = "SQLITE_ENABLE_THREAD_ASSERTIONS"
            value = "1"
            isEnabled = "YES">
         </EnvironmentVariable>
         <EnvironmentVariable
            key = "SQLITE_AUTO_TRACE"
            value = "1"
            isEnabled = "NO">
         </EnvironmentVariable>
         <EnvironmentVariable
            key = "SQLITE_ENABLE_FILE_ASSERTIONS"
            value = "1"
            isEnabled = "YES">
         </EnvironmentVariable>
      </EnvironmentVariables>
      <Testables>
         <TestableReference
            skipped = "NO">
            <BuildableReference
               BuildableIdentifier = "primary"
               BlueprintIdentifier = "0A688AB519A3A4670013FCE8"
               BuildableName = "Threema Tests.xctest"
               BlueprintName = "Threema Tests"
               ReferencedContainer = "container:Threema.xcodeproj">
            </BuildableReference>
            <SkippedTests>
               <Test
                  Identifier = "(null)">
               </Test>
               <Test
                  Identifier = "AddressBoolLoadTests">
               </Test>
               <Test
                  Identifier = "ChatProfileViewTests/testBasicInitialization()">
               </Test>
               <Test
                  Identifier = "ChatProfileViewTests/testDoNotObserveRemovedMemberNameChange()">
               </Test>
               <Test
                  Identifier = "ChatProfileViewTests/testObserveGroupNameChange()">
               </Test>
               <Test
                  Identifier = "ChatProfileViewTests/testObserveMemberNameChange()">
               </Test>
               <Test
                  Identifier = "ChatProfileViewTests/testObserveMembersChange()">
               </Test>
               <Test
                  Identifier = "ChatProfileViewTests/testObserveNameChange()">
               </Test>
               <Test
                  Identifier = "ChatProfileViewTests/testObserveVerificationLevelChange()">
               </Test>
               <Test
                  Identifier = "ChatTextViewPerformanceTest">
               </Test>
               <Test
                  Identifier = "DbLoadTests">
               </Test>
               <Test
                  Identifier = "HttpClientDownloadSafeTests">
               </Test>
               <Test
                  Identifier = "HttpClientUploadSafeTests">
               </Test>
               <Test
                  Identifier = "PerformanceTests/testExample()">
               </Test>
               <Test
                  Identifier = "ScreenshotJsonImporter">
               </Test>
            </SkippedTests>
            <LocationScenarioReference
               identifier = "com.apple.dt.IDEFoundation.CurrentLocationScenarioIdentifier"
               referenceType = "1">
            </LocationScenarioReference>
         </TestableReference>
         <TestableReference
            skipped = "YES">
            <BuildableReference
               BuildableIdentifier = "primary"
               BlueprintIdentifier = "CE4CA9971E2629B000F3A560"
               BuildableName = "ScreenshotsWithData.xctest"
               BlueprintName = "ScreenshotsWithData"
               ReferencedContainer = "container:Threema.xcodeproj">
            </BuildableReference>
            <SkippedTests>
               <Test
                  Identifier = "ScreenshotsSimpleStep">
               </Test>
               <Test
                  Identifier = "ScreenshotsWithData">
               </Test>
            </SkippedTests>
         </TestableReference>
      </Testables>
   </TestAction>
   <LaunchAction
      buildConfiguration = "Debug"
      selectedDebuggerIdentifier = "Xcode.DebuggerFoundation.Debugger.LLDB"
      selectedLauncherIdentifier = "Xcode.DebuggerFoundation.Launcher.LLDB"
      launchStyle = "0"
      useCustomWorkingDirectory = "NO"
      ignoresPersistentStateOnLaunch = "NO"
      debugDocumentVersioning = "YES"
      debugServiceExtension = "internal"
      allowLocationSimulation = "YES">
      <BuildableProductRunnable
         runnableDebuggingMode = "0">
         <BuildableReference
            BuildableIdentifier = "primary"
            BlueprintIdentifier = "4DD01F6714C1CCA900EF7690"
            BuildableName = "Threema.app"
            BlueprintName = "Threema"
            ReferencedContainer = "container:Threema.xcodeproj">
         </BuildableReference>
      </BuildableProductRunnable>
      <CommandLineArguments>
         <CommandLineArgument
            argument = "-com.apple.CoreData.SQLDebug 1"
            isEnabled = "NO">
         </CommandLineArgument>
         <CommandLineArgument
            argument = "-com.apple.CoreData.ConcurrencyDebug 1"
            isEnabled = "YES">
         </CommandLineArgument>
      </CommandLineArguments>
      <EnvironmentVariables>
         <EnvironmentVariable
            key = "SQLITE_ENABLE_THREAD_ASSERTIONS"
            value = "1"
            isEnabled = "YES">
         </EnvironmentVariable>
         <EnvironmentVariable
            key = "SQLITE_AUTO_TRACE"
            value = "1"
            isEnabled = "NO">
         </EnvironmentVariable>
         <EnvironmentVariable
            key = "SQLITE_ENABLE_FILE_ASSERTIONS"
            value = "1"
            isEnabled = "YES">
         </EnvironmentVariable>
      </EnvironmentVariables>
   </LaunchAction>
   <ProfileAction
      buildConfiguration = "AdHoc"
      shouldUseLaunchSchemeArgsEnv = "YES"
      savedToolIdentifier = ""
      useCustomWorkingDirectory = "NO"
      debugDocumentVersioning = "YES">
      <BuildableProductRunnable
         runnableDebuggingMode = "0">
         <BuildableReference
            BuildableIdentifier = "primary"
            BlueprintIdentifier = "4DD01F6714C1CCA900EF7690"
            BuildableName = "Threema.app"
            BlueprintName = "Threema"
            ReferencedContainer = "container:Threema.xcodeproj">
         </BuildableReference>
      </BuildableProductRunnable>
   </ProfileAction>
   <AnalyzeAction
      buildConfiguration = "Debug">
   </AnalyzeAction>
   <ArchiveAction
      buildConfiguration = "AppStore"
      revealArchiveInOrganizer = "YES">
   </ArchiveAction>
</Scheme>
